
Microsoft Visual Studio Solution File, Format Version 12.00
# Visual Studio Version 16
VisualStudioVersion = 16.0.30523.141
MinimumVisualStudioVersion = 10.0.40219.1
Project("{8BC9CEB8-8B4A-11D0-8D11-00A0C91BC942}") = "001_PPM_Writer", "001_PPM_Writer\001_PPM_Writer.vcxproj", "{E17BA1F3-CB53-4205-93EA-401A37E57897}"
EndProject
Project("{8BC9CEB8-8B4A-11D0-8D11-00A0C91BC942}") = "005_Dynamic_Library", "005_Dynamic_Library\005_Dynamic_Library.vcxproj", "{A600B2CE-67BD-4B65-9C36-B8DC0A9334DE}"
EndProject
Project("{8BC9CEB8-8B4A-11D0-8D11-00A0C91BC942}") = "005_Using_Dynamic_Library", "005_Using_Dynamic_Library\005_Using_Dynamic_Library.vcxproj", "{23C9A843-C8E7-496C-BBA2-66F6DB284B73}"
EndProject
Project("{8BC9CEB8-8B4A-11D0-8D11-00A0C91BC942}") = "006_PPM_Writer_2", "006_PPM_Writer_2\006_PPM_Writer_2.vcxproj", "{7AEFB861-8594-48EB-9F9B-CF9B94739E1C}"
EndProject
Project("{8BC9CEB8-8B4A-11D0-8D11-00A0C91BC942}") = "007_RayTracer_Rays", "007_RayTracer_Rays\007_RayTracer_Rays.vcxproj", "{CA12773A-7202-41A7-8A0E-DDD186BEBEB4}"
EndProject
Project("{8BC9CEB8-8B4A-11D0-8D11-00A0C91BC942}") = "008_RayTracer_Spheres", "008_RayTracer_Spheres\008_RayTracer_Spheres.vcxproj", "{1F49E77D-A0E7-4BF2-B44C-9C785A02A4CF}"
EndProject
Project("{8BC9CEB8-8B4A-11D0-8D11-00A0C91BC942}") = "009_RayTracer_Surface_Normals", "009_RayTracer_Surface_Normals\009_RayTracer_Surface_Normals.vcxproj", "{08121D47-0DF2-4EC6-925D-373B522C12A2}"
EndProject
Project("{8BC9CEB8-8B4A-11D0-8D11-00A0C91BC942}") = "004_Static_Library", "004_Static_Library\004_Static_Library.vcxproj", "{EF1A9FD2-D3DA-4567-9E5C-0BF274FB61AA}"
EndProject
Project("{8BC9CEB8-8B4A-11D0-8D11-00A0C91BC942}") = "004_Using_Static_Library", "004_Using_Static_Library\004_Using_Static_Library.vcxproj", "{5ED81182-EC47-4359-B3BE-ABA6A827EE74}"
	ProjectSection(ProjectDependencies) = postProject
		{EF1A9FD2-D3DA-4567-9E5C-0BF274FB61AA} = {EF1A9FD2-D3DA-4567-9E5C-0BF274FB61AA}
	EndProjectSection
EndProject
Project("{8BC9CEB8-8B4A-11D0-8D11-00A0C91BC942}") = "010_RayTracer_Camera_Class", "010_RayTracer_Camera_Class\010_RayTracer_Camera_Class.vcxproj", "{F478C0B3-00B7-42B3-A2B6-ABA7EF3F03B5}"
	ProjectSection(ProjectDependencies) = postProject
		{EF1A9FD2-D3DA-4567-9E5C-0BF274FB61AA} = {EF1A9FD2-D3DA-4567-9E5C-0BF274FB61AA}
	EndProjectSection
EndProject
Project("{8BC9CEB8-8B4A-11D0-8D11-00A0C91BC942}") = "011_RayTracer_Sphere_Class", "011_RayTracer_Sphere_Class\011_RayTracer_Sphere_Class.vcxproj", "{B76B1EBA-2AD7-4502-BDD3-2F6C831337CE}"
	ProjectSection(ProjectDependencies) = postProject
		{EF1A9FD2-D3DA-4567-9E5C-0BF274FB61AA} = {EF1A9FD2-D3DA-4567-9E5C-0BF274FB61AA}
	EndProjectSection
EndProject
Project("{8BC9CEB8-8B4A-11D0-8D11-00A0C91BC942}") = "012_RayTracer_Lighting", "012_RayTracer_Lighting\012_RayTracer_Lighting.vcxproj", "{364884BB-C4BB-4E0D-8854-9D7169306CD6}"
	ProjectSection(ProjectDependencies) = postProject
		{EF1A9FD2-D3DA-4567-9E5C-0BF274FB61AA} = {EF1A9FD2-D3DA-4567-9E5C-0BF274FB61AA}
	EndProjectSection
EndProject
Project("{8BC9CEB8-8B4A-11D0-8D11-00A0C91BC942}") = "013_RayTracer_Anti-Aliasing", "013_RayTracer_Anti-Aliasing\013_RayTracer_Anti-Aliasing.vcxproj", "{FA5C7773-42F5-4A7E-AA35-04A65E9B3715}"
	ProjectSection(ProjectDependencies) = postProject
		{EF1A9FD2-D3DA-4567-9E5C-0BF274FB61AA} = {EF1A9FD2-D3DA-4567-9E5C-0BF274FB61AA}
	EndProjectSection
EndProject
Project("{8BC9CEB8-8B4A-11D0-8D11-00A0C91BC942}") = "014_RayTracer_Creating_a_Scene", "014_RayTracer_Creating_a_Scene\014_RayTracer_Creating_a_Scene.vcxproj", "{26B92ECB-1F39-445D-B059-51A2D7DDE0CD}"
	ProjectSection(ProjectDependencies) = postProject
		{EF1A9FD2-D3DA-4567-9E5C-0BF274FB61AA} = {EF1A9FD2-D3DA-4567-9E5C-0BF274FB61AA}
	EndProjectSection
EndProject
Project("{8BC9CEB8-8B4A-11D0-8D11-00A0C91BC942}") = "016_RayTracer_Materials", "016_RayTracer_Materials\016_RayTracer_Materials.vcxproj", "{23C4A2D0-4E05-46BA-B3AE-3FF576E640C3}"
	ProjectSection(ProjectDependencies) = postProject
		{EF1A9FD2-D3DA-4567-9E5C-0BF274FB61AA} = {EF1A9FD2-D3DA-4567-9E5C-0BF274FB61AA}
	EndProjectSection
EndProject
Project("{8BC9CEB8-8B4A-11D0-8D11-00A0C91BC942}") = "015_RayTracer_Shadows", "015_RayTracer_Shadows\015_RayTracer_Shadows.vcxproj", "{66EFB6FF-3DF7-4CE8-BFB5-61470CD82E28}"
	ProjectSection(ProjectDependencies) = postProject
		{EF1A9FD2-D3DA-4567-9E5C-0BF274FB61AA} = {EF1A9FD2-D3DA-4567-9E5C-0BF274FB61AA}
	EndProjectSection
EndProject
Global
	GlobalSection(SolutionConfigurationPlatforms) = preSolution
		Debug_Static|x64 = Debug_Static|x64
		Debug_Static|x86 = Debug_Static|x86
		Debug|x64 = Debug|x64
		Debug|x86 = Debug|x86
		Release_Static|x64 = Release_Static|x64
		Release_Static|x86 = Release_Static|x86
		Release|x64 = Release|x64
		Release|x86 = Release|x86
	EndGlobalSection
	GlobalSection(ProjectConfigurationPlatforms) = postSolution
		{E17BA1F3-CB53-4205-93EA-401A37E57897}.Debug_Static|x64.ActiveCfg = Debug|x64
		{E17BA1F3-CB53-4205-93EA-401A37E57897}.Debug_Static|x64.Build.0 = Debug|x64
		{E17BA1F3-CB53-4205-93EA-401A37E57897}.Debug_Static|x86.ActiveCfg = Debug|Win32
		{E17BA1F3-CB53-4205-93EA-401A37E57897}.Debug_Static|x86.Build.0 = Debug|Win32
		{E17BA1F3-CB53-4205-93EA-401A37E57897}.Debug|x64.ActiveCfg = Debug|x64
		{E17BA1F3-CB53-4205-93EA-401A37E57897}.Debug|x64.Build.0 = Debug|x64
		{E17BA1F3-CB53-4205-93EA-401A37E57897}.Debug|x86.ActiveCfg = Debug|Win32
		{E17BA1F3-CB53-4205-93EA-401A37E57897}.Debug|x86.Build.0 = Debug|Win32
		{E17BA1F3-CB53-4205-93EA-401A37E57897}.Release_Static|x64.ActiveCfg = Release|x64
		{E17BA1F3-CB53-4205-93EA-401A37E57897}.Release_Static|x64.Build.0 = Release|x64
		{E17BA1F3-CB53-4205-93EA-401A37E57897}.Release_Static|x86.ActiveCfg = Release|Win32
		{E17BA1F3-CB53-4205-93EA-401A37E57897}.Release_Static|x86.Build.0 = Release|Win32
		{E17BA1F3-CB53-4205-93EA-401A37E57897}.Release|x64.ActiveCfg = Release|x64
		{E17BA1F3-CB53-4205-93EA-401A37E57897}.Release|x64.Build.0 = Release|x64
		{E17BA1F3-CB53-4205-93EA-401A37E57897}.Release|x86.ActiveCfg = Release|Win32
		{E17BA1F3-CB53-4205-93EA-401A37E57897}.Release|x86.Build.0 = Release|Win32
		{A600B2CE-67BD-4B65-9C36-B8DC0A9334DE}.Debug_Static|x64.ActiveCfg = Debug_Static|x64
		{A600B2CE-67BD-4B65-9C36-B8DC0A9334DE}.Debug_Static|x64.Build.0 = Debug_Static|x64
		{A600B2CE-67BD-4B65-9C36-B8DC0A9334DE}.Debug_Static|x86.ActiveCfg = Debug_Static|x64
		{A600B2CE-67BD-4B65-9C36-B8DC0A9334DE}.Debug|x64.ActiveCfg = Debug|x64
		{A600B2CE-67BD-4B65-9C36-B8DC0A9334DE}.Debug|x64.Build.0 = Debug|x64
		{A600B2CE-67BD-4B65-9C36-B8DC0A9334DE}.Debug|x86.ActiveCfg = Debug|x64
		{A600B2CE-67BD-4B65-9C36-B8DC0A9334DE}.Release_Static|x64.ActiveCfg = Release_Static|x64
		{A600B2CE-67BD-4B65-9C36-B8DC0A9334DE}.Release_Static|x64.Build.0 = Release_Static|x64
		{A600B2CE-67BD-4B65-9C36-B8DC0A9334DE}.Release_Static|x86.ActiveCfg = Release_Static|x64
		{A600B2CE-67BD-4B65-9C36-B8DC0A9334DE}.Release|x64.ActiveCfg = Release|x64
		{A600B2CE-67BD-4B65-9C36-B8DC0A9334DE}.Release|x64.Build.0 = Release|x64
		{A600B2CE-67BD-4B65-9C36-B8DC0A9334DE}.Release|x86.ActiveCfg = Release|x64
		{23C9A843-C8E7-496C-BBA2-66F6DB284B73}.Debug_Static|x64.ActiveCfg = Debug|x64
		{23C9A843-C8E7-496C-BBA2-66F6DB284B73}.Debug_Static|x64.Build.0 = Debug|x64
		{23C9A843-C8E7-496C-BBA2-66F6DB284B73}.Debug_Static|x86.ActiveCfg = Release|x64
		{23C9A843-C8E7-496C-BBA2-66F6DB284B73}.Debug_Static|x86.Build.0 = Release|x64
		{23C9A843-C8E7-496C-BBA2-66F6DB284B73}.Debug|x64.ActiveCfg = Debug|x64
		{23C9A843-C8E7-496C-BBA2-66F6DB284B73}.Debug|x64.Build.0 = Debug|x64
		{23C9A843-C8E7-496C-BBA2-66F6DB284B73}.Debug|x86.ActiveCfg = Debug|x64
		{23C9A843-C8E7-496C-BBA2-66F6DB284B73}.Release_Static|x64.ActiveCfg = Release|x64
		{23C9A843-C8E7-496C-BBA2-66F6DB284B73}.Release_Static|x64.Build.0 = Release|x64
		{23C9A843-C8E7-496C-BBA2-66F6DB284B73}.Release_Static|x86.ActiveCfg = Release|x64
		{23C9A843-C8E7-496C-BBA2-66F6DB284B73}.Release_Static|x86.Build.0 = Release|x64
		{23C9A843-C8E7-496C-BBA2-66F6DB284B73}.Release|x64.ActiveCfg = Release|x64
		{23C9A843-C8E7-496C-BBA2-66F6DB284B73}.Release|x64.Build.0 = Release|x64
		{23C9A843-C8E7-496C-BBA2-66F6DB284B73}.Release|x86.ActiveCfg = Release|x64
		{7AEFB861-8594-48EB-9F9B-CF9B94739E1C}.Debug_Static|x64.ActiveCfg = Debug|x64
		{7AEFB861-8594-48EB-9F9B-CF9B94739E1C}.Debug_Static|x64.Build.0 = Debug|x64
		{7AEFB861-8594-48EB-9F9B-CF9B94739E1C}.Debug_Static|x86.ActiveCfg = Release|x64
		{7AEFB861-8594-48EB-9F9B-CF9B94739E1C}.Debug_Static|x86.Build.0 = Release|x64
		{7AEFB861-8594-48EB-9F9B-CF9B94739E1C}.Debug|x64.ActiveCfg = Debug|x64
		{7AEFB861-8594-48EB-9F9B-CF9B94739E1C}.Debug|x64.Build.0 = Debug|x64
		{7AEFB861-8594-48EB-9F9B-CF9B94739E1C}.Debug|x86.ActiveCfg = Debug|x64
		{7AEFB861-8594-48EB-9F9B-CF9B94739E1C}.Release_Static|x64.ActiveCfg = Release|x64
		{7AEFB861-8594-48EB-9F9B-CF9B94739E1C}.Release_Static|x64.Build.0 = Release|x64
		{7AEFB861-8594-48EB-9F9B-CF9B94739E1C}.Release_Static|x86.ActiveCfg = Release|x64
		{7AEFB861-8594-48EB-9F9B-CF9B94739E1C}.Release_Static|x86.Build.0 = Release|x64
		{7AEFB861-8594-48EB-9F9B-CF9B94739E1C}.Release|x64.ActiveCfg = Release|x64
		{7AEFB861-8594-48EB-9F9B-CF9B94739E1C}.Release|x64.Build.0 = Release|x64
		{7AEFB861-8594-48EB-9F9B-CF9B94739E1C}.Release|x86.ActiveCfg = Release|x64
		{CA12773A-7202-41A7-8A0E-DDD186BEBEB4}.Debug_Static|x64.ActiveCfg = Debug|x64
		{CA12773A-7202-41A7-8A0E-DDD186BEBEB4}.Debug_Static|x64.Build.0 = Debug|x64
		{CA12773A-7202-41A7-8A0E-DDD186BEBEB4}.Debug_Static|x86.ActiveCfg = Release|x64
		{CA12773A-7202-41A7-8A0E-DDD186BEBEB4}.Debug_Static|x86.Build.0 = Release|x64
		{CA12773A-7202-41A7-8A0E-DDD186BEBEB4}.Debug|x64.ActiveCfg = Debug|x64
		{CA12773A-7202-41A7-8A0E-DDD186BEBEB4}.Debug|x64.Build.0 = Debug|x64
		{CA12773A-7202-41A7-8A0E-DDD186BEBEB4}.Debug|x86.ActiveCfg = Debug|x64
		{CA12773A-7202-41A7-8A0E-DDD186BEBEB4}.Release_Static|x64.ActiveCfg = Release|x64
		{CA12773A-7202-41A7-8A0E-DDD186BEBEB4}.Release_Static|x64.Build.0 = Release|x64
		{CA12773A-7202-41A7-8A0E-DDD186BEBEB4}.Release_Static|x86.ActiveCfg = Release|x64
		{CA12773A-7202-41A7-8A0E-DDD186BEBEB4}.Release_Static|x86.Build.0 = Release|x64
		{CA12773A-7202-41A7-8A0E-DDD186BEBEB4}.Release|x64.ActiveCfg = Release|x64
		{CA12773A-7202-41A7-8A0E-DDD186BEBEB4}.Release|x64.Build.0 = Release|x64
		{CA12773A-7202-41A7-8A0E-DDD186BEBEB4}.Release|x86.ActiveCfg = Release|x64
		{1F49E77D-A0E7-4BF2-B44C-9C785A02A4CF}.Debug_Static|x64.ActiveCfg = Debug|x64
		{1F49E77D-A0E7-4BF2-B44C-9C785A02A4CF}.Debug_Static|x64.Build.0 = Debug|x64
		{1F49E77D-A0E7-4BF2-B44C-9C785A02A4CF}.Debug_Static|x86.ActiveCfg = Release|x64
		{1F49E77D-A0E7-4BF2-B44C-9C785A02A4CF}.Debug_Static|x86.Build.0 = Release|x64
		{1F49E77D-A0E7-4BF2-B44C-9C785A02A4CF}.Debug|x64.ActiveCfg = Debug|x64
		{1F49E77D-A0E7-4BF2-B44C-9C785A02A4CF}.Debug|x64.Build.0 = Debug|x64
		{1F49E77D-A0E7-4BF2-B44C-9C785A02A4CF}.Debug|x86.ActiveCfg = Debug|x64
		{1F49E77D-A0E7-4BF2-B44C-9C785A02A4CF}.Release_Static|x64.ActiveCfg = Release|x64
		{1F49E77D-A0E7-4BF2-B44C-9C785A02A4CF}.Release_Static|x64.Build.0 = Release|x64
		{1F49E77D-A0E7-4BF2-B44C-9C785A02A4CF}.Release_Static|x86.ActiveCfg = Release|x64
		{1F49E77D-A0E7-4BF2-B44C-9C785A02A4CF}.Release_Static|x86.Build.0 = Release|x64
		{1F49E77D-A0E7-4BF2-B44C-9C785A02A4CF}.Release|x64.ActiveCfg = Release|x64
		{1F49E77D-A0E7-4BF2-B44C-9C785A02A4CF}.Release|x64.Build.0 = Release|x64
		{1F49E77D-A0E7-4BF2-B44C-9C785A02A4CF}.Release|x86.ActiveCfg = Release|x64
		{08121D47-0DF2-4EC6-925D-373B522C12A2}.Debug_Static|x64.ActiveCfg = Debug|x64
		{08121D47-0DF2-4EC6-925D-373B522C12A2}.Debug_Static|x64.Build.0 = Debug|x64
		{08121D47-0DF2-4EC6-925D-373B522C12A2}.Debug_Static|x86.ActiveCfg = Release|x64
		{08121D47-0DF2-4EC6-925D-373B522C12A2}.Debug_Static|x86.Build.0 = Release|x64
		{08121D47-0DF2-4EC6-925D-373B522C12A2}.Debug|x64.ActiveCfg = Debug|x64
		{08121D47-0DF2-4EC6-925D-373B522C12A2}.Debug|x64.Build.0 = Debug|x64
		{08121D47-0DF2-4EC6-925D-373B522C12A2}.Debug|x86.ActiveCfg = Debug|x64
		{08121D47-0DF2-4EC6-925D-373B522C12A2}.Release_Static|x64.ActiveCfg = Release|x64
		{08121D47-0DF2-4EC6-925D-373B522C12A2}.Release_Static|x64.Build.0 = Release|x64
		{08121D47-0DF2-4EC6-925D-373B522C12A2}.Release_Static|x86.ActiveCfg = Release|x64
		{08121D47-0DF2-4EC6-925D-373B522C12A2}.Release_Static|x86.Build.0 = Release|x64
		{08121D47-0DF2-4EC6-925D-373B522C12A2}.Release|x64.ActiveCfg = Release|x64
		{08121D47-0DF2-4EC6-925D-373B522C12A2}.Release|x64.Build.0 = Release|x64
		{08121D47-0DF2-4EC6-925D-373B522C12A2}.Release|x86.ActiveCfg = Release|x64
		{EF1A9FD2-D3DA-4567-9E5C-0BF274FB61AA}.Debug_Static|x64.ActiveCfg = Debug|x64
		{EF1A9FD2-D3DA-4567-9E5C-0BF274FB61AA}.Debug_Static|x64.Build.0 = Debug|x64
		{EF1A9FD2-D3DA-4567-9E5C-0BF274FB61AA}.Debug_Static|x86.ActiveCfg = Debug|Win32
		{EF1A9FD2-D3DA-4567-9E5C-0BF274FB61AA}.Debug_Static|x86.Build.0 = Debug|Win32
		{EF1A9FD2-D3DA-4567-9E5C-0BF274FB61AA}.Debug|x64.ActiveCfg = Debug|x64
		{EF1A9FD2-D3DA-4567-9E5C-0BF274FB61AA}.Debug|x64.Build.0 = Debug|x64
		{EF1A9FD2-D3DA-4567-9E5C-0BF274FB61AA}.Debug|x86.ActiveCfg = Debug|Win32
		{EF1A9FD2-D3DA-4567-9E5C-0BF274FB61AA}.Debug|x86.Build.0 = Debug|Win32
		{EF1A9FD2-D3DA-4567-9E5C-0BF274FB61AA}.Release_Static|x64.ActiveCfg = Release|x64
		{EF1A9FD2-D3DA-4567-9E5C-0BF274FB61AA}.Release_Static|x64.Build.0 = Release|x64
		{EF1A9FD2-D3DA-4567-9E5C-0BF274FB61AA}.Release_Static|x86.ActiveCfg = Release|Win32
		{EF1A9FD2-D3DA-4567-9E5C-0BF274FB61AA}.Release_Static|x86.Build.0 = Release|Win32
		{EF1A9FD2-D3DA-4567-9E5C-0BF274FB61AA}.Release|x64.ActiveCfg = Release|x64
		{EF1A9FD2-D3DA-4567-9E5C-0BF274FB61AA}.Release|x64.Build.0 = Release|x64
		{EF1A9FD2-D3DA-4567-9E5C-0BF274FB61AA}.Release|x86.ActiveCfg = Release|Win32
		{EF1A9FD2-D3DA-4567-9E5C-0BF274FB61AA}.Release|x86.Build.0 = Release|Win32
		{5ED81182-EC47-4359-B3BE-ABA6A827EE74}.Debug_Static|x64.ActiveCfg = Debug|x64
		{5ED81182-EC47-4359-B3BE-ABA6A827EE74}.Debug_Static|x64.Build.0 = Debug|x64
		{5ED81182-EC47-4359-B3BE-ABA6A827EE74}.Debug_Static|x86.ActiveCfg = Debug|x64
		{5ED81182-EC47-4359-B3BE-ABA6A827EE74}.Debug_Static|x86.Build.0 = Debug|x64
		{5ED81182-EC47-4359-B3BE-ABA6A827EE74}.Debug|x64.ActiveCfg = Debug|x64
		{5ED81182-EC47-4359-B3BE-ABA6A827EE74}.Debug|x64.Build.0 = Debug|x64
		{5ED81182-EC47-4359-B3BE-ABA6A827EE74}.Debug|x86.ActiveCfg = Debug|x64
		{5ED81182-EC47-4359-B3BE-ABA6A827EE74}.Release_Static|x64.ActiveCfg = Release|x64
		{5ED81182-EC47-4359-B3BE-ABA6A827EE74}.Release_Static|x64.Build.0 = Release|x64
		{5ED81182-EC47-4359-B3BE-ABA6A827EE74}.Release_Static|x86.ActiveCfg = Debug|x64
		{5ED81182-EC47-4359-B3BE-ABA6A827EE74}.Release_Static|x86.Build.0 = Debug|x64
		{5ED81182-EC47-4359-B3BE-ABA6A827EE74}.Release|x64.ActiveCfg = Release|x64
		{5ED81182-EC47-4359-B3BE-ABA6A827EE74}.Release|x64.Build.0 = Release|x64
		{5ED81182-EC47-4359-B3BE-ABA6A827EE74}.Release|x86.ActiveCfg = Release|x64
		{F478C0B3-00B7-42B3-A2B6-ABA7EF3F03B5}.Debug_Static|x64.ActiveCfg = Debug|x64
		{F478C0B3-00B7-42B3-A2B6-ABA7EF3F03B5}.Debug_Static|x64.Build.0 = Debug|x64
		{F478C0B3-00B7-42B3-A2B6-ABA7EF3F03B5}.Debug_Static|x86.ActiveCfg = Debug|Win32
		{F478C0B3-00B7-42B3-A2B6-ABA7EF3F03B5}.Debug_Static|x86.Build.0 = Debug|Win32
		{F478C0B3-00B7-42B3-A2B6-ABA7EF3F03B5}.Debug|x64.ActiveCfg = Debug|x64
		{F478C0B3-00B7-42B3-A2B6-ABA7EF3F03B5}.Debug|x64.Build.0 = Debug|x64
		{F478C0B3-00B7-42B3-A2B6-ABA7EF3F03B5}.Debug|x86.ActiveCfg = Debug|Win32
		{F478C0B3-00B7-42B3-A2B6-ABA7EF3F03B5}.Debug|x86.Build.0 = Debug|Win32
		{F478C0B3-00B7-42B3-A2B6-ABA7EF3F03B5}.Release_Static|x64.ActiveCfg = Release|x64
		{F478C0B3-00B7-42B3-A2B6-ABA7EF3F03B5}.Release_Static|x64.Build.0 = Release|x64
		{F478C0B3-00B7-42B3-A2B6-ABA7EF3F03B5}.Release_Static|x86.ActiveCfg = Release|Win32
		{F478C0B3-00B7-42B3-A2B6-ABA7EF3F03B5}.Release_Static|x86.Build.0 = Release|Win32
		{F478C0B3-00B7-42B3-A2B6-ABA7EF3F03B5}.Release|x64.ActiveCfg = Release|x64
		{F478C0B3-00B7-42B3-A2B6-ABA7EF3F03B5}.Release|x64.Build.0 = Release|x64
		{F478C0B3-00B7-42B3-A2B6-ABA7EF3F03B5}.Release|x86.ActiveCfg = Release|Win32
		{F478C0B3-00B7-42B3-A2B6-ABA7EF3F03B5}.Release|x86.Build.0 = Release|Win32
		{B76B1EBA-2AD7-4502-BDD3-2F6C831337CE}.Debug_Static|x64.ActiveCfg = Debug|x64
		{B76B1EBA-2AD7-4502-BDD3-2F6C831337CE}.Debug_Static|x64.Build.0 = Debug|x64
		{B76B1EBA-2AD7-4502-BDD3-2F6C831337CE}.Debug_Static|x86.ActiveCfg = Debug|x64
		{B76B1EBA-2AD7-4502-BDD3-2F6C831337CE}.Debug_Static|x86.Build.0 = Debug|x64
		{B76B1EBA-2AD7-4502-BDD3-2F6C831337CE}.Debug|x64.ActiveCfg = Debug|x64
		{B76B1EBA-2AD7-4502-BDD3-2F6C831337CE}.Debug|x64.Build.0 = Debug|x64
		{B76B1EBA-2AD7-4502-BDD3-2F6C831337CE}.Debug|x86.ActiveCfg = Debug|x64
		{B76B1EBA-2AD7-4502-BDD3-2F6C831337CE}.Release_Static|x64.ActiveCfg = Release|x64
		{B76B1EBA-2AD7-4502-BDD3-2F6C831337CE}.Release_Static|x64.Build.0 = Release|x64
		{B76B1EBA-2AD7-4502-BDD3-2F6C831337CE}.Release_Static|x86.ActiveCfg = Debug|x64
		{B76B1EBA-2AD7-4502-BDD3-2F6C831337CE}.Release_Static|x86.Build.0 = Debug|x64
		{B76B1EBA-2AD7-4502-BDD3-2F6C831337CE}.Release|x64.ActiveCfg = Release|x64
		{B76B1EBA-2AD7-4502-BDD3-2F6C831337CE}.Release|x64.Build.0 = Release|x64
		{B76B1EBA-2AD7-4502-BDD3-2F6C831337CE}.Release|x86.ActiveCfg = Release|x64
		{364884BB-C4BB-4E0D-8854-9D7169306CD6}.Debug_Static|x64.ActiveCfg = Debug|x64
		{364884BB-C4BB-4E0D-8854-9D7169306CD6}.Debug_Static|x64.Build.0 = Debug|x64
		{364884BB-C4BB-4E0D-8854-9D7169306CD6}.Debug_Static|x86.ActiveCfg = Debug|x64
		{364884BB-C4BB-4E0D-8854-9D7169306CD6}.Debug_Static|x86.Build.0 = Debug|x64
		{364884BB-C4BB-4E0D-8854-9D7169306CD6}.Debug|x64.ActiveCfg = Debug|x64
		{364884BB-C4BB-4E0D-8854-9D7169306CD6}.Debug|x64.Build.0 = Debug|x64
		{364884BB-C4BB-4E0D-8854-9D7169306CD6}.Debug|x86.ActiveCfg = Debug|x64
		{364884BB-C4BB-4E0D-8854-9D7169306CD6}.Release_Static|x64.ActiveCfg = Release|x64
		{364884BB-C4BB-4E0D-8854-9D7169306CD6}.Release_Static|x64.Build.0 = Release|x64
		{364884BB-C4BB-4E0D-8854-9D7169306CD6}.Release_Static|x86.ActiveCfg = Debug|x64
		{364884BB-C4BB-4E0D-8854-9D7169306CD6}.Release_Static|x86.Build.0 = Debug|x64
		{364884BB-C4BB-4E0D-8854-9D7169306CD6}.Release|x64.ActiveCfg = Release|x64
		{364884BB-C4BB-4E0D-8854-9D7169306CD6}.Release|x64.Build.0 = Release|x64
		{364884BB-C4BB-4E0D-8854-9D7169306CD6}.Release|x86.ActiveCfg = Release|x64
		{FA5C7773-42F5-4A7E-AA35-04A65E9B3715}.Debug_Static|x64.ActiveCfg = Debug|x64
		{FA5C7773-42F5-4A7E-AA35-04A65E9B3715}.Debug_Static|x64.Build.0 = Debug|x64
		{FA5C7773-42F5-4A7E-AA35-04A65E9B3715}.Debug_Static|x86.ActiveCfg = Debug|x64
		{FA5C7773-42F5-4A7E-AA35-04A65E9B3715}.Debug_Static|x86.Build.0 = Debug|x64
		{FA5C7773-42F5-4A7E-AA35-04A65E9B3715}.Debug|x64.ActiveCfg = Debug|x64
		{FA5C7773-42F5-4A7E-AA35-04A65E9B3715}.Debug|x64.Build.0 = Debug|x64
		{FA5C7773-42F5-4A7E-AA35-04A65E9B3715}.Debug|x86.ActiveCfg = Debug|x64
		{FA5C7773-42F5-4A7E-AA35-04A65E9B3715}.Release_Static|x64.ActiveCfg = Release|x64
		{FA5C7773-42F5-4A7E-AA35-04A65E9B3715}.Release_Static|x64.Build.0 = Release|x64
		{FA5C7773-42F5-4A7E-AA35-04A65E9B3715}.Release_Static|x86.ActiveCfg = Debug|x64
		{FA5C7773-42F5-4A7E-AA35-04A65E9B3715}.Release_Static|x86.Build.0 = Debug|x64
		{FA5C7773-42F5-4A7E-AA35-04A65E9B3715}.Release|x64.ActiveCfg = Release|x64
		{FA5C7773-42F5-4A7E-AA35-04A65E9B3715}.Release|x64.Build.0 = Release|x64
		{FA5C7773-42F5-4A7E-AA35-04A65E9B3715}.Release|x86.ActiveCfg = Release|x64
		{26B92ECB-1F39-445D-B059-51A2D7DDE0CD}.Debug_Static|x64.ActiveCfg = Debug|x64
		{26B92ECB-1F39-445D-B059-51A2D7DDE0CD}.Debug_Static|x64.Build.0 = Debug|x64
		{26B92ECB-1F39-445D-B059-51A2D7DDE0CD}.Debug_Static|x86.ActiveCfg = Debug|x64
		{26B92ECB-1F39-445D-B059-51A2D7DDE0CD}.Debug_Static|x86.Build.0 = Debug|x64
		{26B92ECB-1F39-445D-B059-51A2D7DDE0CD}.Debug|x64.ActiveCfg = Debug|x64
		{26B92ECB-1F39-445D-B059-51A2D7DDE0CD}.Debug|x64.Build.0 = Debug|x64
		{26B92ECB-1F39-445D-B059-51A2D7DDE0CD}.Debug|x86.ActiveCfg = Debug|x64
		{26B92ECB-1F39-445D-B059-51A2D7DDE0CD}.Release_Static|x64.ActiveCfg = Release|x64
		{26B92ECB-1F39-445D-B059-51A2D7DDE0CD}.Release_Static|x64.Build.0 = Release|x64
		{26B92ECB-1F39-445D-B059-51A2D7DDE0CD}.Release_Static|x86.ActiveCfg = Debug|x64
		{26B92ECB-1F39-445D-B059-51A2D7DDE0CD}.Release_Static|x86.Build.0 = Debug|x64
		{26B92ECB-1F39-445D-B059-51A2D7DDE0CD}.Release|x64.ActiveCfg = Release|x64
		{26B92ECB-1F39-445D-B059-51A2D7DDE0CD}.Release|x64.Build.0 = Release|x64
		{26B92ECB-1F39-445D-B059-51A2D7DDE0CD}.Release|x86.ActiveCfg = Release|x64
		{23C4A2D0-4E05-46BA-B3AE-3FF576E640C3}.Debug_Static|x64.ActiveCfg = Debug|x64
		{23C4A2D0-4E05-46BA-B3AE-3FF576E640C3}.Debug_Static|x64.Build.0 = Debug|x64
		{23C4A2D0-4E05-46BA-B3AE-3FF576E640C3}.Debug_Static|x86.ActiveCfg = Debug|x64
		{23C4A2D0-4E05-46BA-B3AE-3FF576E640C3}.Debug_Static|x86.Build.0 = Debug|x64
		{23C4A2D0-4E05-46BA-B3AE-3FF576E640C3}.Debug|x64.ActiveCfg = Debug|x64
		{23C4A2D0-4E05-46BA-B3AE-3FF576E640C3}.Debug|x64.Build.0 = Debug|x64
		{23C4A2D0-4E05-46BA-B3AE-3FF576E640C3}.Debug|x86.ActiveCfg = Debug|x64
		{23C4A2D0-4E05-46BA-B3AE-3FF576E640C3}.Release_Static|x64.ActiveCfg = Release|x64
		{23C4A2D0-4E05-46BA-B3AE-3FF576E640C3}.Release_Static|x64.Build.0 = Release|x64
		{23C4A2D0-4E05-46BA-B3AE-3FF576E640C3}.Release_Static|x86.ActiveCfg = Debug|x64
		{23C4A2D0-4E05-46BA-B3AE-3FF576E640C3}.Release_Static|x86.Build.0 = Debug|x64
		{23C4A2D0-4E05-46BA-B3AE-3FF576E640C3}.Release|x64.ActiveCfg = Release|x64
		{23C4A2D0-4E05-46BA-B3AE-3FF576E640C3}.Release|x64.Build.0 = Release|x64
		{23C4A2D0-4E05-46BA-B3AE-3FF576E640C3}.Release|x86.ActiveCfg = Release|x64
		{66EFB6FF-3DF7-4CE8-BFB5-61470CD82E28}.Debug_Static|x64.ActiveCfg = Debug|x64
		{66EFB6FF-3DF7-4CE8-BFB5-61470CD82E28}.Debug_Static|x64.Build.0 = Debug|x64
		{66EFB6FF-3DF7-4CE8-BFB5-61470CD82E28}.Debug_Static|x86.ActiveCfg = Debug|x64
		{66EFB6FF-3DF7-4CE8-BFB5-61470CD82E28}.Debug_Static|x86.Build.0 = Debug|x64
		{66EFB6FF-3DF7-4CE8-BFB5-61470CD82E28}.Debug|x64.ActiveCfg = Debug|x64
		{66EFB6FF-3DF7-4CE8-BFB5-61470CD82E28}.Debug|x64.Build.0 = Debug|x64
		{66EFB6FF-3DF7-4CE8-BFB5-61470CD82E28}.Debug|x86.ActiveCfg = Debug|x64
		{66EFB6FF-3DF7-4CE8-BFB5-61470CD82E28}.Release_Static|x64.ActiveCfg = Release|x64
		{66EFB6FF-3DF7-4CE8-BFB5-61470CD82E28}.Release_Static|x64.Build.0 = Release|x64
		{66EFB6FF-3DF7-4CE8-BFB5-61470CD82E28}.Release_Static|x86.ActiveCfg = Debug|x64
		{66EFB6FF-3DF7-4CE8-BFB5-61470CD82E28}.Release_Static|x86.Build.0 = Debug|x64
		{66EFB6FF-3DF7-4CE8-BFB5-61470CD82E28}.Release|x64.ActiveCfg = Release|x64
		{66EFB6FF-3DF7-4CE8-BFB5-61470CD82E28}.Release|x64.Build.0 = Release|x64
		{66EFB6FF-3DF7-4CE8-BFB5-61470CD82E28}.Release|x86.ActiveCfg = Release|x64
	EndGlobalSection
	GlobalSection(SolutionProperties) = preSolution
		HideSolutionNode = FALSE
	EndGlobalSection
	GlobalSection(ExtensibilityGlobals) = postSolution
		SolutionGuid = {FF086063-3C4E-42FC-ACC5-033BA2136FDE}
	EndGlobalSection
EndGlobal
